
Microsoft Visual Studio Solution File, Format Version 12.00
# Visual Studio Version 17
VisualStudioVersion = 17.3.32929.385
MinimumVisualStudioVersion = 10.0.40219.1
Project("{FAE04EC0-301F-11D3-BF4B-00C04F79EFBC}") = "FuelConsumption", "FuelConsumption.csproj", "{D271EF60-AABB-4643-BA5A-0845BC78ACCA}"
EndProject
Global
	GlobalSection(SolutionConfigurationPlatforms) = preSolution
		Debug|Any CPU = Debug|Any CPU
		Release|Any CPU = Release|Any CPU
	EndGlobalSection
	GlobalSection(ProjectConfigurationPlatforms) = postSolution
		{D271EF60-AABB-4643-BA5A-0845BC78ACCA}.Debug|Any CPU.ActiveCfg = Debug|Any CPU
		{D271EF60-AABB-4643-BA5A-0845BC78ACCA}.Debug|Any CPU.Build.0 = Debug|Any CPU
		{D271EF60-AABB-4643-BA5A-0845BC78ACCA}.Release|Any CPU.ActiveCfg = Release|Any CPU
		{D271EF60-AABB-4643-BA5A-0845BC78ACCA}.Release|Any CPU.Build.0 = Release|Any CPU
	EndGlobalSection
	GlobalSection(SolutionProperties) = preSolution
		HideSolutionNode = FALSE
	EndGlobalSection
	GlobalSection(ExtensibilityGlobals) = postSolution
		SolutionGuid = {F2189662-1D3D-4B7F-872B-F07139F67CC7}
	EndGlobalSection
EndGlobal
